
Microsoft Visual Studio Solution File, Format Version 12.00
# Visual Studio 15
VisualStudioVersion = 15.0.27004.2006
MinimumVisualStudioVersion = 10.0.40219.1
Project("{FAE04EC0-301F-11D3-BF4B-00C04F79EFBC}") = "EmacsLikeKeyBindingsFDPlugin", "EmacsLikeKeyBindingsFDPlugin\EmacsLikeKeyBindingsFDPlugin.csproj", "{32AA80FB-2700-4885-9E43-237C80D9C663}"
EndProject
Project("{2150E333-8FDC-42A3-9474-1A3956D46DE8}") = "Solution Items", "Solution Items", "{D931E6F3-DC9B-4E4F-8CBC-916FBAA0FD5A}"
	ProjectSection(SolutionItems) = preProject
		LICENSE.txt = LICENSE.txt
		README.md = README.md
	EndProjectSection
EndProject
Global
	GlobalSection(SolutionConfigurationPlatforms) = preSolution
		Debug|Any CPU = Debug|Any CPU
		Release|Any CPU = Release|Any CPU
	EndGlobalSection
	GlobalSection(ProjectConfigurationPlatforms) = postSolution
		{32AA80FB-2700-4885-9E43-237C80D9C663}.Debug|Any CPU.ActiveCfg = Debug|Any CPU
		{32AA80FB-2700-4885-9E43-237C80D9C663}.Debug|Any CPU.Build.0 = Debug|Any CPU
		{32AA80FB-2700-4885-9E43-237C80D9C663}.Release|Any CPU.ActiveCfg = Release|Any CPU
		{32AA80FB-2700-4885-9E43-237C80D9C663}.Release|Any CPU.Build.0 = Release|Any CPU
	EndGlobalSection
	GlobalSection(SolutionProperties) = preSolution
		HideSolutionNode = FALSE
	EndGlobalSection
	GlobalSection(ExtensibilityGlobals) = postSolution
		SolutionGuid = {B0E026FD-0B3D-42B7-A953-21CC9304502B}
	EndGlobalSection
EndGlobal
